{
  "nodes": {
    "flake-utils": {
      "locked": {
        "lastModified": 1652776076,
        "narHash": "sha256-gzTw/v1vj4dOVbpBSJX4J0DwUR6LIyXo7/SuuTJp1kM=",
        "owner": "numtide",
        "repo": "flake-utils",
        "rev": "04c1b180862888302ddfb2e3ad9eaa63afc60cf8",
        "type": "github"
      },
      "original": {
        "owner": "numtide",
        "repo": "flake-utils",
        "type": "github"
      }
    },
    "nixpkgs": {
      "locked": {
        "lastModified": 1653328845,
        "narHash": "sha256-NKc98+iX8YH500np1zWZSQ2C+FoD9sS/nuH02Rg2ats=",
        "owner": "nixos",
        "repo": "nixpkgs",
        "rev": "7ae60dd7068478db5d936a3850b6df859aec21d0",
        "type": "github"
      },
      "original": {
        "owner": "nixos",
        "ref": "22.05-beta",
        "repo": "nixpkgs",
        "type": "github"
      }
    },
    "root": {
      "inputs": {
        "flake-utils": "flake-utils",
        "nixpkgs": "nixpkgs"
      }
    }
  },
  "root": "root",
  "version": 7
}
